
Microsoft Visual Studio Solution File, Format Version 12.00
# Visual Studio Version 17
VisualStudioVersion = 17.7.34018.315
MinimumVisualStudioVersion = 10.0.40219.1
Project("{FAE04EC0-301F-11D3-BF4B-00C04F79EFBC}") = "Console", "Console\Console.csproj", "{26A481D2-19D4-47EB-AEBF-FC836A9F8193}"
EndProject
Project("{00D1A9C2-B5F0-4AF3-8072-F6C62B433612}") = "Database", "Database\Database.sqlproj", "{FC60BA50-4753-4054-A54F-432911C21808}"
EndProject
Global
	GlobalSection(SolutionConfigurationPlatforms) = preSolution
		Debug|Any CPU = Debug|Any CPU
		Release|Any CPU = Release|Any CPU
	EndGlobalSection
	GlobalSection(ProjectConfigurationPlatforms) = postSolution
		{26A481D2-19D4-47EB-AEBF-FC836A9F8193}.Debug|Any CPU.ActiveCfg = Debug|Any CPU
		{26A481D2-19D4-47EB-AEBF-FC836A9F8193}.Debug|Any CPU.Build.0 = Debug|Any CPU
		{26A481D2-19D4-47EB-AEBF-FC836A9F8193}.Release|Any CPU.ActiveCfg = Release|Any CPU
		{26A481D2-19D4-47EB-AEBF-FC836A9F8193}.Release|Any CPU.Build.0 = Release|Any CPU
		{FC60BA50-4753-4054-A54F-432911C21808}.Debug|Any CPU.ActiveCfg = Debug|Any CPU
		{FC60BA50-4753-4054-A54F-432911C21808}.Debug|Any CPU.Build.0 = Debug|Any CPU
		{FC60BA50-4753-4054-A54F-432911C21808}.Debug|Any CPU.Deploy.0 = Debug|Any CPU
		{FC60BA50-4753-4054-A54F-432911C21808}.Release|Any CPU.ActiveCfg = Release|Any CPU
		{FC60BA50-4753-4054-A54F-432911C21808}.Release|Any CPU.Build.0 = Release|Any CPU
		{FC60BA50-4753-4054-A54F-432911C21808}.Release|Any CPU.Deploy.0 = Release|Any CPU
	EndGlobalSection
	GlobalSection(SolutionProperties) = preSolution
		HideSolutionNode = FALSE
	EndGlobalSection
	GlobalSection(ExtensibilityGlobals) = postSolution
		SolutionGuid = {F267A527-F430-4265-8D55-3D7AF79E5576}
	EndGlobalSection
EndGlobal
